{
    "_readme": [
        "This file locks the dependencies of your project to a known state",
        "Read more about it at https://getcomposer.org/doc/01-basic-usage.md#composer-lock-the-lock-file",
        "This file is @generated automatically"
    ],
    "hash": "6015fea67887cd24f94962d8fabdbd3c",
    "packages": [
        {
            "name": "doctrine/instantiator",
            "version": "1.0.4",
            "source": {
                "type": "git",
                "url": "https://github.com/doctrine/instantiator.git",
                "reference": "f976e5de371104877ebc89bd8fecb0019ed9c119"
            },
            "dist": {
                "type": "zip",
                "url": "https://api.github.com/repos/doctrine/instantiator/zipball/f976e5de371104877ebc89bd8fecb0019ed9c119",
                "reference": "f976e5de371104877ebc89bd8fecb0019ed9c119",
                "shasum": ""
            },
            "require": {
                "php": ">=5.3,<8.0-DEV"
            },
            "require-dev": {
                "athletic/athletic": "~0.1.8",
                "ext-pdo": "*",
                "ext-phar": "*",
                "phpunit/phpunit": "~4.0",
                "squizlabs/php_codesniffer": "2.0.*@ALPHA"
            },
            "type": "library",
            "extra": {
                "branch-alias": {
                    "dev-master": "1.0.x-dev"
                }
            },
            "autoload": {
                "psr-0": {
                    "Doctrine\\Instantiator\\": "src"
                }
            },
            "notification-url": "https://packagist.org/downloads/",
            "license": [
                "MIT"
            ],
            "authors": [
                {
                    "name": "Marco Pivetta",
                    "email": "ocramius@gmail.com",
                    "homepage": "http://ocramius.github.com/"
                }
            ],
            "description": "A small, lightweight utility to instantiate objects in PHP without invoking their constructors",
            "homepage": "https://github.com/doctrine/instantiator",
            "keywords": [
                "constructor",
                "instantiate"
            ],
            "time": "2014-10-13 12:58:55"
        },
        {
            "name": "helhum/class-alias-loader",
            "version": "1.1.4",
            "source": {
                "type": "git",
                "url": "https://github.com/helhum/class-alias-loader.git",
                "reference": "99c59fffbae4260685bf72a5b34f2d79304903c8"
            },
            "dist": {
                "type": "zip",
                "url": "https://api.github.com/repos/helhum/class-alias-loader/zipball/99c59fffbae4260685bf72a5b34f2d79304903c8",
                "reference": "99c59fffbae4260685bf72a5b34f2d79304903c8",
                "shasum": ""
            },
            "require": {
                "composer-plugin-api": "1.0.0"
            },
            "type": "composer-plugin",
            "extra": {
                "class": "Helhum\\ClassAliasLoader\\Composer\\Plugin",
                "branch-alias": {
                    "dev-master": "1.1.x-dev"
                }
            },
            "autoload": {
                "psr-4": {
                    "Helhum\\ClassAliasLoader\\": "Classes/"
                }
            },
            "notification-url": "https://packagist.org/downloads/",
            "license": [
                "MIT"
            ],
            "authors": [
                {
                    "name": "Helmut Hummel",
                    "email": "info@helhum.io"
                }
            ],
            "description": "Amends the composer class loader to support class aliases to provide backwards compatibility for packages",
            "homepage": "http://github.com/helhum/class-alias-loader",
            "keywords": [
                "alias",
                "autoloader",
                "classloader",
                "composer"
            ],
            "time": "2015-04-27 12:45:04"
        },
        {
            "name": "pear/http_request2",
            "version": "v2.2.1",
            "source": {
                "type": "git",
                "url": "https://github.com/pear/HTTP_Request2.git",
                "reference": "d6c81670c504045248c1afdf896bb9a3288158de"
            },
            "dist": {
                "type": "zip",
                "url": "https://api.github.com/repos/pear/HTTP_Request2/zipball/d6c81670c504045248c1afdf896bb9a3288158de",
                "reference": "d6c81670c504045248c1afdf896bb9a3288158de",
                "shasum": ""
            },
            "require": {
                "pear/net_url2": ">=2.0.0",
                "pear/pear_exception": "*",
                "php": ">=5.2.0"
            },
            "suggest": {
                "ext-fileinfo": "Adds support for looking up mime-types using finfo.",
                "ext-zlib": "Allows handling gzip compressed responses.",
                "lib-curl": "Allows using cURL as a request backend.",
                "lib-openssl": "Allows handling SSL requests when not using cURL."
            },
            "type": "library",
            "autoload": {
                "psr-0": {
                    "HTTP_Request2": ""
                }
            },
            "notification-url": "https://packagist.org/downloads/",
            "license": [
                "BSD-3-Clause"
            ],
            "authors": [
                {
                    "name": "Alexey Borzov",
                    "email": "avb@php.net",
                    "role": "Developer HTML_Common2"
                }
            ],
            "description": "Provides an easy way to perform HTTP requests.",
            "homepage": "http://pear.php.net/package/HTTP_Request2",
            "keywords": [
                "PEAR",
                "curl",
                "http",
                "request"
            ],
            "time": "2014-01-16 17:27:21"
        },
        {
            "name": "pear/net_url2",
            "version": "v2.2.0",
            "source": {
                "type": "git",
                "url": "https://github.com/pear/Net_URL2.git",
                "reference": "fa9b1ecb3c3e640d4a54d58d681a4cb7524f209e"
            },
            "dist": {
                "type": "zip",
                "url": "https://api.github.com/repos/pear/Net_URL2/zipball/fa9b1ecb3c3e640d4a54d58d681a4cb7524f209e",
                "reference": "fa9b1ecb3c3e640d4a54d58d681a4cb7524f209e",
                "shasum": ""
            },
            "require": {
                "php": ">=5.1.4"
            },
            "require-dev": {
                "phpunit/phpunit": ">=3.3.0"
            },
            "type": "library",
            "extra": {
                "branch-alias": {
                    "dev-master": "2.2.x-dev"
                }
            },
            "autoload": {
                "classmap": [
                    "Net/URL2.php"
                ]
            },
            "notification-url": "https://packagist.org/downloads/",
            "license": [
                "BSD-3-Clause"
            ],
            "authors": [
                {
                    "name": "David Coallier",
                    "email": "davidc@php.net"
                },
                {
                    "name": "Tom Klingenberg",
                    "email": "tkli@php.net"
                },
                {
                    "name": "Christian Schmidt",
                    "email": "chmidt@php.net"
                }
            ],
            "description": "Class for parsing and handling URL. Provides parsing of URLs into their constituent parts (scheme, host, path etc.), URL generation, and resolving of relative URLs.",
            "homepage": "https://github.com/pear/Net_URL2",
            "keywords": [
                "PEAR",
                "net",
                "networking",
                "rfc3986",
                "uri",
                "url"
            ],
            "time": "2015-04-18 17:36:57"
        },
        {
            "name": "pear/pear_exception",
            "version": "v1.0.0",
            "source": {
                "type": "git",
                "url": "https://github.com/pear/PEAR_Exception.git",
                "reference": "8c18719fdae000b690e3912be401c76e406dd13b"
            },
            "dist": {
                "type": "zip",
                "url": "https://api.github.com/repos/pear/PEAR_Exception/zipball/8c18719fdae000b690e3912be401c76e406dd13b",
                "reference": "8c18719fdae000b690e3912be401c76e406dd13b",
                "shasum": ""
            },
            "require": {
                "php": ">=4.4.0"
            },
            "require-dev": {
                "phpunit/phpunit": "*"
            },
            "type": "class",
            "extra": {
                "branch-alias": {
                    "dev-master": "1.0.x-dev"
                }
            },
            "autoload": {
                "psr-0": {
                    "PEAR": ""
                }
            },
            "notification-url": "https://packagist.org/downloads/",
            "include-path": [
                "."
            ],
            "license": [
                "BSD-2-Clause"
            ],
            "authors": [
                {
                    "name": "Helgi Thormar",
                    "email": "dufuz@php.net"
                },
                {
                    "name": "Greg Beaver",
                    "email": "cellog@php.net"
                }
            ],
            "description": "The PEAR Exception base class.",
            "homepage": "https://github.com/pear/PEAR_Exception",
            "keywords": [
                "exception"
            ],
            "time": "2015-02-10 20:07:52"
        },
        {
            "name": "phpwhois/idna-convert",
            "version": "v0.8.2",
            "source": {
                "type": "git",
                "url": "https://github.com/phpWhois/idna-convert.git",
                "reference": "ea337954b43ae47f5ebba97c19d309081bebc46e"
            },
            "dist": {
                "type": "zip",
                "url": "https://api.github.com/repos/phpWhois/idna-convert/zipball/ea337954b43ae47f5ebba97c19d309081bebc46e",
                "reference": "ea337954b43ae47f5ebba97c19d309081bebc46e",
                "shasum": ""
            },
            "type": "library",
            "extra": {
                "branch-alias": {
                    "dev-master": "0.8.x-dev"
                }
            },
            "autoload": {
                "files": [
                    "idna_convert.class.php"
                ]
            },
            "notification-url": "https://packagist.org/downloads/",
            "license": [
                "LGPL-2.1"
            ],
            "authors": [
                {
                    "name": "Matthias Sommerfeld",
                    "email": "phlymail@phlylabs.de",
                    "role": "Developer"
                },
                {
                    "name": "Dmitry Lukashin",
                    "email": "dmitry@lukashin.ru",
                    "role": "Maintainer"
                }
            ],
            "description": "idna-convert library based on http://idnaconv.phlymail.de/",
            "homepage": "http://idnaconv.phlymail.de/",
            "keywords": [
                "idn",
                "idna",
                "php"
            ],
            "time": "2014-12-26 04:51:08"
        },
        {
            "name": "psr/log",
            "version": "dev-master",
            "source": {
                "type": "git",
                "url": "https://github.com/php-fig/log.git",
                "reference": "9e45edca52cc9c954680072c93e621f8b71fab26"
            },
            "dist": {
                "type": "zip",
                "url": "https://api.github.com/repos/php-fig/log/zipball/9e45edca52cc9c954680072c93e621f8b71fab26",
                "reference": "9e45edca52cc9c954680072c93e621f8b71fab26",
                "shasum": ""
            },
            "require": {
                "php": ">=5.3.0"
            },
            "type": "library",
            "extra": {
                "branch-alias": {
                    "dev-master": "1.0.x-dev"
                }
            },
            "autoload": {
                "psr-4": {
                    "Psr\\Log\\": "Psr/Log/"
                }
            },
            "notification-url": "https://packagist.org/downloads/",
            "license": [
                "MIT"
            ],
            "authors": [
                {
                    "name": "PHP-FIG",
                    "homepage": "http://www.php-fig.org/"
                }
            ],
            "description": "Common interface for logging libraries",
            "keywords": [
                "log",
                "psr",
                "psr-3"
            ],
            "time": "2015-06-02 13:48:41"
        },
        {
            "name": "swiftmailer/swiftmailer",
            "version": "v5.4.1",
            "source": {
                "type": "git",
                "url": "https://github.com/swiftmailer/swiftmailer.git",
                "reference": "0697e6aa65c83edf97bb0f23d8763f94e3f11421"
            },
            "dist": {
                "type": "zip",
                "url": "https://api.github.com/repos/swiftmailer/swiftmailer/zipball/0697e6aa65c83edf97bb0f23d8763f94e3f11421",
                "reference": "0697e6aa65c83edf97bb0f23d8763f94e3f11421",
                "shasum": ""
            },
            "require": {
                "php": ">=5.3.3"
            },
            "require-dev": {
                "mockery/mockery": "~0.9.1,<0.9.4"
            },
            "type": "library",
            "extra": {
                "branch-alias": {
                    "dev-master": "5.4-dev"
                }
            },
            "autoload": {
                "files": [
                    "lib/swift_required.php"
                ]
            },
            "notification-url": "https://packagist.org/downloads/",
            "license": [
                "MIT"
            ],
            "authors": [
                {
                    "name": "Chris Corbyn"
                },
                {
                    "name": "Fabien Potencier",
                    "email": "fabien@symfony.com"
                }
            ],
            "description": "Swiftmailer, free feature-rich PHP mailer",
            "homepage": "http://swiftmailer.org",
            "keywords": [
                "email",
                "mail",
                "mailer"
            ],
            "time": "2015-06-06 14:19:39"
        },
        {
            "name": "symfony/console",
            "version": "v2.5.11",
            "target-dir": "Symfony/Component/Console",
            "source": {
                "type": "git",
                "url": "https://github.com/symfony/Console.git",
                "reference": "a43e750b4c74f3bdfca77c79c343033d35a6cd6e"
            },
            "dist": {
                "type": "zip",
                "url": "https://api.github.com/repos/symfony/Console/zipball/a43e750b4c74f3bdfca77c79c343033d35a6cd6e",
                "reference": "a43e750b4c74f3bdfca77c79c343033d35a6cd6e",
                "shasum": ""
            },
            "require": {
                "php": ">=5.3.3"
            },
            "require-dev": {
                "psr/log": "~1.0",
                "symfony/event-dispatcher": "~2.1"
            },
            "suggest": {
                "psr/log": "For using the console logger",
                "symfony/event-dispatcher": ""
            },
            "type": "library",
            "extra": {
                "branch-alias": {
                    "dev-master": "2.5-dev"
                }
            },
            "autoload": {
                "psr-0": {
                    "Symfony\\Component\\Console\\": ""
                }
            },
            "notification-url": "https://packagist.org/downloads/",
            "license": [
                "MIT"
            ],
            "authors": [
                {
                    "name": "Symfony Community",
                    "homepage": "http://symfony.com/contributors"
                },
                {
                    "name": "Fabien Potencier",
                    "email": "fabien@symfony.com"
                }
            ],
            "description": "Symfony Console Component",
            "homepage": "http://symfony.com",
            "time": "2015-02-08 07:07:45"
        },
        {
            "name": "symfony/finder",
            "version": "v2.6.9",
            "target-dir": "Symfony/Component/Finder",
            "source": {
                "type": "git",
                "url": "https://github.com/symfony/Finder.git",
                "reference": "ffedd3e0ff8155188155e9322fe21b9ee012ac14"
            },
            "dist": {
                "type": "zip",
                "url": "https://api.github.com/repos/symfony/Finder/zipball/ffedd3e0ff8155188155e9322fe21b9ee012ac14",
                "reference": "ffedd3e0ff8155188155e9322fe21b9ee012ac14",
                "shasum": ""
            },
            "require": {
                "php": ">=5.3.3"
            },
            "require-dev": {
                "symfony/phpunit-bridge": "~2.7"
            },
            "type": "library",
            "extra": {
                "branch-alias": {
                    "dev-master": "2.6-dev"
                }
            },
            "autoload": {
                "psr-0": {
                    "Symfony\\Component\\Finder\\": ""
                }
            },
            "notification-url": "https://packagist.org/downloads/",
            "license": [
                "MIT"
            ],
            "authors": [
                {
                    "name": "Fabien Potencier",
                    "email": "fabien@symfony.com"
                },
                {
                    "name": "Symfony Community",
                    "homepage": "https://symfony.com/contributors"
                }
            ],
            "description": "Symfony Finder Component",
            "homepage": "https://symfony.com",
            "time": "2015-05-15 13:32:45"
        },
        {
            "name": "typo3-ter/beautyofcode",
            "version": "2.1-dev",
            "source": {
                "type": "git",
                "url": "https://github.com/dreadwarrior/beautyofcode.git",
                "reference": "feature_54988_ci"
            },
            "dist": {
                "type": "zip",
                "url": "https://github.com/dreadwarrior/beautyofcode/archive/feature_54988_ci.zip",
                "reference": null,
                "shasum": null
            },
            "type": "typo3-cms-extension",
            "autoload": {
                "psr-4": {
                    "TYPO3\\Beautyofcode\\": "Classes/"
                }
            }
        },
        {
            "name": "typo3-ter/fluidcontent",
            "version": "4.2.4",
            "dist": {
                "type": "t3x",
                "url": "http://typo3.org/extensions/repository/download/fluidcontent/4.2.4/t3x/",
                "reference": null,
                "shasum": null
            },
            "require": {
                "typo3-ter/flux": ">= 7.2.0, <= 7.2.99",
                "typo3/cms": ">= 6.1.0, <= 7.1.99"
            },
            "type": "typo3-cms-extension",
            "authors": [
                {
                    "name": "FluidTYPO3 Team",
                    "email": "claus@namelesscoder.net",
                    "company": "",
                    "username": "fluidtypo3"
                }
            ],
            "description": "Fluid Content Element engine - integrates extremely compact and highly dynamic content element templates written in Fluid. See: https://github.com/FluidTYPO3/fluidcontent",
            "time": "2015-07-01 12:41:47"
        },
        {
            "name": "typo3-ter/fluidcontent-core",
            "version": "1.1.3",
            "dist": {
                "type": "t3x",
                "url": "http://typo3.org/extensions/repository/download/fluidcontent_core/1.1.3/t3x/",
                "reference": null,
                "shasum": null
            },
            "require": {
                "typo3-ter/flux": ">= 7.2.0, <= 7.2.99",
                "typo3-ter/vhs": ">= 2.1.0, <= 2.3.99",
                "typo3/cms": ">= 6.2.0, <= 7.1.99"
            },
            "replace": {
                "typo3-ter/fluidcontent_core": "self.version"
            },
            "type": "typo3-cms-extension",
            "authors": [
                {
                    "name": "FluidTYPO3 Team",
                    "email": "claus@namelesscoder.net",
                    "company": "",
                    "username": "fluidtypo3"
                }
            ],
            "description": "Not CSS styled content - Fluid styled content",
            "time": "2015-04-23 13:07:37"
        },
        {
            "name": "typo3-ter/fluidpages",
            "version": "3.2.3",
            "dist": {
                "type": "t3x",
                "url": "http://typo3.org/extensions/repository/download/fluidpages/3.2.3/t3x/",
                "reference": null,
                "shasum": null
            },
            "require": {
                "typo3-ter/flux": ">= 7.2.0, <= 7.2.99",
                "typo3/cms": ">= 6.2.0, <= 7.1.99"
            },
            "conflict": {
                "typo3-ter/templavoila": "*"
            },
            "type": "typo3-cms-extension",
            "authors": [
                {
                    "name": "FluidTYPO3 Team",
                    "email": "claus@namelesscoder.net",
                    "company": "",
                    "username": "fluidtypo3"
                }
            ],
            "description": "Fluid Page Template engine - integrates compact and highly dynamic page templates with all the benefits of Fluid.",
            "time": "2015-05-20 12:50:01"
        },
        {
            "name": "typo3-ter/flux",
            "version": "7.2.1",
            "dist": {
                "type": "t3x",
                "url": "http://typo3.org/extensions/repository/download/flux/7.2.1/t3x/",
                "reference": null,
                "shasum": null
            },
            "require": {
                "typo3/cms": ">= 6.2.0, <= 7.1.99"
            },
            "type": "typo3-cms-extension",
            "authors": [
                {
                    "name": "FluidTYPO3 Team",
                    "email": "claus@namelesscoder.net",
                    "company": "",
                    "username": "fluidtypo3"
                }
            ],
            "description": "Backend form and frontend content rendering assistance API with focus on productivity.",
            "time": "2015-05-20 12:38:25"
        },
        {
            "name": "typo3-ter/realurl",
            "version": "1.13.3",
            "dist": {
                "type": "t3x",
                "url": "http://typo3.org/extensions/repository/download/realurl/1.13.3/t3x/",
                "reference": null,
                "shasum": null
            },
            "require": {
                "php": ">= 5.3.2, <= 5.999.999",
                "typo3/cms": ">= 4.5.40, <= 7.1.999"
            },
            "conflict": {
                "typo3-ter/cooluri": "*",
                "typo3-ter/simulatestatic": "*"
            },
            "type": "typo3-cms-extension",
            "authors": [
                {
                    "name": "Dmitry Dulepov",
                    "email": "dmitry.dulepov@gmail.com",
                    "company": "",
                    "username": "dmitry"
                }
            ],
            "description": "Creates nice looking URLs for TYPO3 pages: converts http://example.com/index.phpid12345&L2 to http://example.com/path/to/your/page/. Please, ask for free support in TYPO3 mailing lists or contact the maintainer for paid support.",
            "time": "2015-03-16 11:23:57"
        },
        {
            "name": "typo3-ter/vhs",
            "version": "2.3.3",
            "dist": {
                "type": "t3x",
                "url": "http://typo3.org/extensions/repository/download/vhs/2.3.3/t3x/",
                "reference": null,
                "shasum": null
            },
            "require": {
                "php": ">= 5.4.0, <= 5.6.99",
                "typo3/cms": ">= 6.2.0, <= 7.99.99"
            },
            "type": "typo3-cms-extension",
            "authors": [
                {
                    "name": "FluidTYPO3 Team",
                    "email": "claus@namelesscoder.net",
                    "company": "",
                    "username": "fluidtypo3"
                }
            ],
            "description": "A collection of ViewHelpers to perform rendering tasks which are not natively supported by Fluid - for example: advanced formatters, math calculators, specialized conditions and Iterator/Array calculators and processors",
            "time": "2015-05-20 13:14:23"
        },
        {
            "name": "typo3/cms",
            "version": "7.1.1",
            "source": {
                "type": "git",
                "url": "https://github.com/TYPO3/TYPO3.CMS.git",
                "reference": "TYPO3_7-3-1"
            },
            "dist": {
                "type": "zip",
                "url": "https://github.com/TYPO3/TYPO3.CMS/archive/TYPO3_7-3-1.zip",
                "reference": null,
                "shasum": null
            },
            "type": "typo3-cms-core"
        },
        {
            "name": "typo3/cms-composer-installers",
            "version": "1.1.4",
            "source": {
                "type": "git",
                "url": "https://github.com/TYPO3/CmsComposerInstallers.git",
                "reference": "aa2dfd2efd323aed1250d63d6400aa064b740624"
            },
            "dist": {
                "type": "zip",
                "url": "https://api.github.com/repos/TYPO3/CmsComposerInstallers/zipball/aa2dfd2efd323aed1250d63d6400aa064b740624",
                "reference": "aa2dfd2efd323aed1250d63d6400aa064b740624",
                "shasum": ""
            },
            "require": {
                "composer-plugin-api": "^1.0.0"
            },
            "replace": {
                "lw/typo3cms-installers": "*",
                "netresearch/composer-installers": "*"
            },
            "require-dev": {
                "composer/composer": "1.*"
            },
            "type": "composer-plugin",
            "extra": {
                "class": "TYPO3\\CMS\\Composer\\Installer\\Plugin",
                "branch-alias": {
                    "dev-master": "1.1.x-dev"
                }
            },
            "autoload": {
                "psr-0": {
                    "": "Classes/"
                }
            },
            "notification-url": "https://packagist.org/downloads/",
            "license": [
                "GPL-2.0+"
            ],
            "authors": [
                {
                    "name": "Christian Opitz",
                    "email": "christian.opitz@netresearch.de"
                },
                {
                    "name": "Lars Peipmann",
                    "email": "lars@peipmann.de"
                }
            ],
            "description": "TYPO3 CMS Installers",
            "homepage": "http://forge.typo3.org/projects/team-composer",
            "keywords": [
                "cms",
                "core",
                "extension",
                "installer",
                "typo3"
            ],
            "time": "2015-06-23 12:32:24"
        }
    ],
    "packages-dev": [],
    "aliases": [],
    "minimum-stability": "stable",
    "stability-flags": {
        "psr/log": 20,
        "typo3-ter/beautyofcode": 20
    },
    "prefer-stable": false,
    "prefer-lowest": false,
    "platform": {
        "php": ">=5.5.0",
        "ext-fileinfo": "*",
        "ext-pcre": "*",
        "ext-session": "*",
        "ext-xml": "*"
    },
    "platform-dev": []
}
